// !$*UTF8*$!
{
	archiveVersion = 1;
	classes = {
	};
	objectVersion = 46;
	objects = {

/* Begin PBXBuildFile section */
		188663631F3869EE002D38DC /* videoStart.png in Resources */ = {isa = PBXBuildFile; fileRef = 1886635D1F3869EE002D38DC /* videoStart.png */; };
		188663641F3869EE002D38DC /* videoStart@2x.png in Resources */ = {isa = PBXBuildFile; fileRef = 1886635E1F3869EE002D38DC /* videoStart@2x.png */; };
		188663651F3869EE002D38DC /* videoStart@3x.png in Resources */ = {isa = PBXBuildFile; fileRef = 1886635F1F3869EE002D38DC /* videoStart@3x.png */; };
		188663661F3869EE002D38DC /* videoStop.png in Resources */ = {isa = PBXBuildFile; fileRef = 188663601F3869EE002D38DC /* videoStop.png */; };
		188663671F3869EE002D38DC /* videoStop@2x.png in Resources */ = {isa = PBXBuildFile; fileRef = 188663611F3869EE002D38DC /* videoStop@2x.png */; };
		188663681F3869EE002D38DC /* videoStop@3x.png in Resources */ = {isa = PBXBuildFile; fileRef = 188663621F3869EE002D38DC /* videoStop@3x.png */; };
		18D1DD9F1FDE723E00D786FE /* Settings.bundle in Resources */ = {isa = PBXBuildFile; fileRef = 18D1DD9E1FDE723E00D786FE /* Settings.bundle */; };
		18EA43301F5CFE74005A0EDC /* AssetsLibrary.framework in Frameworks */ = {isa = PBXBuildFile; fileRef = 18EA432F1F5CFE74005A0EDC /* AssetsLibrary.framework */; };
		18FD37221F1E167E001FE220 /* image_notloaded.png in Resources */ = {isa = PBXBuildFile; fileRef = 18FD37201F1E167E001FE220 /* image_notloaded.png */; };
		18FD37231F1E167E001FE220 /* image_notloaded@2x.png in Resources */ = {isa = PBXBuildFile; fileRef = 18FD37211F1E167E001FE220 /* image_notloaded@2x.png */; };
		40037FD21C562C2B008A6366 /* Photos.framework in Frameworks */ = {isa = PBXBuildFile; fileRef = 40037FD11C562C2B008A6366 /* Photos.framework */; settings = {ATTRIBUTES = (Weak, ); }; };
		4039F31C1CE33FB90073F9E9 /* camera_switch.png in Resources */ = {isa = PBXBuildFile; fileRef = 4039F31A1CE33FB90073F9E9 /* camera_switch.png */; };
		4039F31D1CE33FB90073F9E9 /* camera_switch@2x.png in Resources */ = {isa = PBXBuildFile; fileRef = 4039F31B1CE33FB90073F9E9 /* camera_switch@2x.png */; };
		4039F3201CE33FE90073F9E9 /* camera_flash.png in Resources */ = {isa = PBXBuildFile; fileRef = 4039F31E1CE33FE90073F9E9 /* camera_flash.png */; };
		4039F3211CE33FE90073F9E9 /* camera_flash@2x.png in Resources */ = {isa = PBXBuildFile; fileRef = 4039F31F1CE33FE90073F9E9 /* camera_flash@2x.png */; };
		403CDE5C1C48E04D00806269 /* nocontent.png in Resources */ = {isa = PBXBuildFile; fileRef = 403CDE5A1C48E04D00806269 /* nocontent.png */; };
		403CDE5D1C48E04D00806269 /* nocontent@2x.png in Resources */ = {isa = PBXBuildFile; fileRef = 403CDE5B1C48E04D00806269 /* nocontent@2x.png */; };
		560016CB1D2A4ADECD05ACDE /* libPods-PickerDemo.a in Frameworks */ = {isa = PBXBuildFile; fileRef = 033994116E7C15DDD5FE5DCD /* libPods-PickerDemo.a */; };
		58B83030600499711A0BC3CB /* CustomAssetThumbnailView.xib in Resources */ = {isa = PBXBuildFile; fileRef = 58B83932BE01FFBB2107B253 /* CustomAssetThumbnailView.xib */; };
		58B8306B1C44B4C139727002 /* UINavigationController+FDFullscreenPopGesture.m in Sources */ = {isa = PBXBuildFile; fileRef = 58B83CD483CCAD709E51CBF5 /* UINavigationController+FDFullscreenPopGesture.m */; };
		58B830DC229C9B834A55FF08 /* VideoViewController.m in Sources */ = {isa = PBXBuildFile; fileRef = 58B83BB6478E73FBCA6CED0F /* VideoViewController.m */; };
		58B832D91479F6E922BE48BF /* cameraButton@2x.png in Resources */ = {isa = PBXBuildFile; fileRef = 58B83357716B93D552C455E0 /* cameraButton@2x.png */; };
		58B833697E748FF143698A78 /* UIAlertView+Blocks.m in Sources */ = {isa = PBXBuildFile; fileRef = 58B8373ACA6E4445256A9EEE /* UIAlertView+Blocks.m */; };
		58B833D0EA60E385C0F9A670 /* Storyboard.storyboard in Resources */ = {isa = PBXBuildFile; fileRef = 58B835C4FA9FE86782A87790 /* Storyboard.storyboard */; };
		58B83420D2AAD54BF95B87F6 /* cameraButton@3x.png in Resources */ = {isa = PBXBuildFile; fileRef = 58B831DEC39EE3F64C95E14F /* cameraButton@3x.png */; };
		58B834552223B372B8B571AE /* RIButtonItem.m in Sources */ = {isa = PBXBuildFile; fileRef = 58B834E2E32CA21E036B4C97 /* RIButtonItem.m */; };
		58B8356DA4DB6683F86D07BF /* AlbumViewController.m in Sources */ = {isa = PBXBuildFile; fileRef = 58B83BFBEF4A1C59129D33A7 /* AlbumViewController.m */; };
		58B835EB00FB57F1EC026043 /* AppDelegate.m in Sources */ = {isa = PBXBuildFile; fileRef = 58B83CE879D7DFD826A5DCDF /* AppDelegate.m */; };
		58B83603C4401D68F289A27E /* UIActionSheet+Blocks.m in Sources */ = {isa = PBXBuildFile; fileRef = 58B83BE2C3856EF6707E4C3E /* UIActionSheet+Blocks.m */; };
		58B837B0A6B0710F423DEC4D /* frame.png in Resources */ = {isa = PBXBuildFile; fileRef = 58B83762E1EF9A20FBC0EB0C /* frame.png */; };
		58B8382E3A1CB1A5712FF6B8 /* InfoPlist.strings in Resources */ = {isa = PBXBuildFile; fileRef = 58B83618F22C64385173B9EA /* InfoPlist.strings */; };
		58B838C3BDAA8E7AE47D602A /* InfoPlist.strings in Resources */ = {isa = PBXBuildFile; fileRef = 58B8378C8D476349F1C104FE /* InfoPlist.strings */; };
		58B83AA299038729E5C67037 /* CustomAssetsGroupView.xib in Resources */ = {isa = PBXBuildFile; fileRef = 58B8312C1D0A4D06CE245801 /* CustomAssetsGroupView.xib */; };
		58B83E287ED9FA70D2B8C545 /* NavigationController.m in Sources */ = {isa = PBXBuildFile; fileRef = 58B83AD264662EFC7A4D12D8 /* NavigationController.m */; };
		58B83EB2F07B7D3D9AAFDC7E /* UIViewController+BackButtonHandler.m in Sources */ = {isa = PBXBuildFile; fileRef = 58B83072A6B43552EE075775 /* UIViewController+BackButtonHandler.m */; };
		58B83EE1C086F7C7AB9D0153 /* SelectAlbumViewController.m in Sources */ = {isa = PBXBuildFile; fileRef = 58B837B953846836188BCFF1 /* SelectAlbumViewController.m */; };
		58B83FF9CE0F52E9FF870151 /* cameraButton.png in Resources */ = {isa = PBXBuildFile; fileRef = 58B83CDB6D9288DDAAB2EA2C /* cameraButton.png */; };
		E58DA585184339C100D60BBC /* Foundation.framework in Frameworks */ = {isa = PBXBuildFile; fileRef = E58DA584184339C100D60BBC /* Foundation.framework */; };
		E58DA587184339C100D60BBC /* CoreGraphics.framework in Frameworks */ = {isa = PBXBuildFile; fileRef = E58DA586184339C100D60BBC /* CoreGraphics.framework */; settings = {ATTRIBUTES = (Required, ); }; };
		E58DA589184339C100D60BBC /* UIKit.framework in Frameworks */ = {isa = PBXBuildFile; fileRef = E58DA588184339C100D60BBC /* UIKit.framework */; };
		E58DA591184339C100D60BBC /* main.m in Sources */ = {isa = PBXBuildFile; fileRef = E58DA590184339C100D60BBC /* main.m */; };
		E58DA5A3184339C100D60BBC /* Images.xcassets in Resources */ = {isa = PBXBuildFile; fileRef = E58DA5A2184339C100D60BBC /* Images.xcassets */; };
/* End PBXBuildFile section */

/* Begin PBXFileReference section */
		033994116E7C15DDD5FE5DCD /* libPods-PickerDemo.a */ = {isa = PBXFileReference; explicitFileType = archive.ar; includeInIndex = 0; path = "libPods-PickerDemo.a"; sourceTree = BUILT_PRODUCTS_DIR; };
		186E98341FD798A500688638 /* VideoToolbox.framework */ = {isa = PBXFileReference; lastKnownFileType = wrapper.framework; name = VideoToolbox.framework; path = System/Library/Frameworks/VideoToolbox.framework; sourceTree = SDKROOT; };
		1886635D1F3869EE002D38DC /* videoStart.png */ = {isa = PBXFileReference; lastKnownFileType = image.png; path = videoStart.png; sourceTree = "<group>"; };
		1886635E1F3869EE002D38DC /* videoStart@2x.png */ = {isa = PBXFileReference; lastKnownFileType = image.png; path = "videoStart@2x.png"; sourceTree = "<group>"; };
		1886635F1F3869EE002D38DC /* videoStart@3x.png */ = {isa = PBXFileReference; lastKnownFileType = image.png; path = "videoStart@3x.png"; sourceTree = "<group>"; };
		188663601F3869EE002D38DC /* videoStop.png */ = {isa = PBXFileReference; lastKnownFileType = image.png; path = videoStop.png; sourceTree = "<group>"; };
		188663611F3869EE002D38DC /* videoStop@2x.png */ = {isa = PBXFileReference; lastKnownFileType = image.png; path = "videoStop@2x.png"; sourceTree = "<group>"; };
		188663621F3869EE002D38DC /* videoStop@3x.png */ = {isa = PBXFileReference; lastKnownFileType = image.png; path = "videoStop@3x.png"; sourceTree = "<group>"; };
		18D1DD9E1FDE723E00D786FE /* Settings.bundle */ = {isa = PBXFileReference; lastKnownFileType = "wrapper.plug-in"; path = Settings.bundle; sourceTree = "<group>"; };
		18EA432F1F5CFE74005A0EDC /* AssetsLibrary.framework */ = {isa = PBXFileReference; lastKnownFileType = wrapper.framework; name = AssetsLibrary.framework; path = System/Library/Frameworks/AssetsLibrary.framework; sourceTree = SDKROOT; };
		18FD37201F1E167E001FE220 /* image_notloaded.png */ = {isa = PBXFileReference; lastKnownFileType = image.png; path = image_notloaded.png; sourceTree = "<group>"; };
		18FD37211F1E167E001FE220 /* image_notloaded@2x.png */ = {isa = PBXFileReference; lastKnownFileType = image.png; path = "image_notloaded@2x.png"; sourceTree = "<group>"; };
		40037FD11C562C2B008A6366 /* Photos.framework */ = {isa = PBXFileReference; lastKnownFileType = wrapper.framework; name = Photos.framework; path = System/Library/Frameworks/Photos.framework; sourceTree = SDKROOT; };
		4039F31A1CE33FB90073F9E9 /* camera_switch.png */ = {isa = PBXFileReference; lastKnownFileType = image.png; path = camera_switch.png; sourceTree = "<group>"; };
		4039F31B1CE33FB90073F9E9 /* camera_switch@2x.png */ = {isa = PBXFileReference; lastKnownFileType = image.png; path = "camera_switch@2x.png"; sourceTree = "<group>"; };
		4039F31E1CE33FE90073F9E9 /* camera_flash.png */ = {isa = PBXFileReference; lastKnownFileType = image.png; path = camera_flash.png; sourceTree = "<group>"; };
		4039F31F1CE33FE90073F9E9 /* camera_flash@2x.png */ = {isa = PBXFileReference; lastKnownFileType = image.png; path = "camera_flash@2x.png"; sourceTree = "<group>"; };
		403CDE5A1C48E04D00806269 /* nocontent.png */ = {isa = PBXFileReference; lastKnownFileType = image.png; path = nocontent.png; sourceTree = "<group>"; };
		403CDE5B1C48E04D00806269 /* nocontent@2x.png */ = {isa = PBXFileReference; lastKnownFileType = image.png; path = "nocontent@2x.png"; sourceTree = "<group>"; };
		569D6C800BE5F3E8E279073B /* Pods-PickerDemo.debug.xcconfig */ = {isa = PBXFileReference; includeInIndex = 1; lastKnownFileType = text.xcconfig; name = "Pods-PickerDemo.debug.xcconfig"; path = "Pods/Target Support Files/Pods-PickerDemo/Pods-PickerDemo.debug.xcconfig"; sourceTree = "<group>"; };
		58B83072A6B43552EE075775 /* UIViewController+BackButtonHandler.m */ = {isa = PBXFileReference; fileEncoding = 4; lastKnownFileType = sourcecode.c.objc; path = "UIViewController+BackButtonHandler.m"; sourceTree = "<group>"; };
		58B8312C1D0A4D06CE245801 /* CustomAssetsGroupView.xib */ = {isa = PBXFileReference; lastKnownFileType = file.xib; path = CustomAssetsGroupView.xib; sourceTree = "<group>"; };
		58B831DEC39EE3F64C95E14F /* cameraButton@3x.png */ = {isa = PBXFileReference; lastKnownFileType = image.png; path = "cameraButton@3x.png"; sourceTree = "<group>"; };
		58B8329CC726639573BE7694 /* UIViewController+BackButtonHandler.h */ = {isa = PBXFileReference; fileEncoding = 4; lastKnownFileType = sourcecode.c.h; path = "UIViewController+BackButtonHandler.h"; sourceTree = "<group>"; };
		58B83357716B93D552C455E0 /* cameraButton@2x.png */ = {isa = PBXFileReference; lastKnownFileType = image.png; path = "cameraButton@2x.png"; sourceTree = "<group>"; };
		58B83440AC6D31FC6ED27141 /* UINavigationController+FDFullscreenPopGesture.h */ = {isa = PBXFileReference; fileEncoding = 4; lastKnownFileType = sourcecode.c.h; path = "UINavigationController+FDFullscreenPopGesture.h"; sourceTree = "<group>"; };
		58B8348B3154649B97356A0A /* SelectAlbumViewController.h */ = {isa = PBXFileReference; fileEncoding = 4; lastKnownFileType = sourcecode.c.h; path = SelectAlbumViewController.h; sourceTree = "<group>"; };
		58B834E2E32CA21E036B4C97 /* RIButtonItem.m */ = {isa = PBXFileReference; fileEncoding = 4; lastKnownFileType = sourcecode.c.objc; path = RIButtonItem.m; sourceTree = "<group>"; };
		58B835C4FA9FE86782A87790 /* Storyboard.storyboard */ = {isa = PBXFileReference; lastKnownFileType = file.storyboard; path = Storyboard.storyboard; sourceTree = "<group>"; };
		58B83617B3BA8C936CC0D452 /* NavigationController.h */ = {isa = PBXFileReference; fileEncoding = 4; lastKnownFileType = sourcecode.c.h; path = NavigationController.h; sourceTree = "<group>"; };
		58B83618406464FDDE6A5C60 /* AppDelegate.h */ = {isa = PBXFileReference; fileEncoding = 4; lastKnownFileType = sourcecode.c.h; path = AppDelegate.h; sourceTree = "<group>"; };
		58B836A5BA5BFB203C0C2327 /* UIActionSheet+Blocks.h */ = {isa = PBXFileReference; fileEncoding = 4; lastKnownFileType = sourcecode.c.h; path = "UIActionSheet+Blocks.h"; sourceTree = "<group>"; };
		58B8373ACA6E4445256A9EEE /* UIAlertView+Blocks.m */ = {isa = PBXFileReference; fileEncoding = 4; lastKnownFileType = sourcecode.c.objc; path = "UIAlertView+Blocks.m"; sourceTree = "<group>"; };
		58B83762E1EF9A20FBC0EB0C /* frame.png */ = {isa = PBXFileReference; lastKnownFileType = image.png; path = frame.png; sourceTree = "<group>"; };
		58B837B953846836188BCFF1 /* SelectAlbumViewController.m */ = {isa = PBXFileReference; fileEncoding = 4; lastKnownFileType = sourcecode.c.objc; path = SelectAlbumViewController.m; sourceTree = "<group>"; };
		58B83894CF0583C31501B584 /* UIAlertView+Blocks.h */ = {isa = PBXFileReference; fileEncoding = 4; lastKnownFileType = sourcecode.c.h; path = "UIAlertView+Blocks.h"; sourceTree = "<group>"; };
		58B838C84332D5B6C657E046 /* VideoViewController.h */ = {isa = PBXFileReference; fileEncoding = 4; lastKnownFileType = sourcecode.c.h; path = VideoViewController.h; sourceTree = "<group>"; };
		58B83932BE01FFBB2107B253 /* CustomAssetThumbnailView.xib */ = {isa = PBXFileReference; lastKnownFileType = file.xib; path = CustomAssetThumbnailView.xib; sourceTree = "<group>"; };
		58B83A0CCAD37A5C9AB9E230 /* AlbumViewController.h */ = {isa = PBXFileReference; fileEncoding = 4; lastKnownFileType = sourcecode.c.h; path = AlbumViewController.h; sourceTree = "<group>"; };
		58B83AD264662EFC7A4D12D8 /* NavigationController.m */ = {isa = PBXFileReference; fileEncoding = 4; lastKnownFileType = sourcecode.c.objc; path = NavigationController.m; sourceTree = "<group>"; };
		58B83B584B19CD6C12B722A4 /* en */ = {isa = PBXFileReference; fileEncoding = 4; lastKnownFileType = text.plist.strings; name = en; path = InfoPlist.strings; sourceTree = "<group>"; };
		58B83B8F92EAC43299892DC6 /* zh */ = {isa = PBXFileReference; fileEncoding = 4; lastKnownFileType = text.plist.strings; name = zh; path = InfoPlist.strings; sourceTree = "<group>"; };
		58B83BB6478E73FBCA6CED0F /* VideoViewController.m */ = {isa = PBXFileReference; fileEncoding = 4; lastKnownFileType = sourcecode.c.objc; path = VideoViewController.m; sourceTree = "<group>"; };
		58B83BE2C3856EF6707E4C3E /* UIActionSheet+Blocks.m */ = {isa = PBXFileReference; fileEncoding = 4; lastKnownFileType = sourcecode.c.objc; path = "UIActionSheet+Blocks.m"; sourceTree = "<group>"; };
		58B83BFBEF4A1C59129D33A7 /* AlbumViewController.m */ = {isa = PBXFileReference; fileEncoding = 4; lastKnownFileType = sourcecode.c.objc; path = AlbumViewController.m; sourceTree = "<group>"; };
		58B83CD483CCAD709E51CBF5 /* UINavigationController+FDFullscreenPopGesture.m */ = {isa = PBXFileReference; fileEncoding = 4; lastKnownFileType = sourcecode.c.objc; path = "UINavigationController+FDFullscreenPopGesture.m"; sourceTree = "<group>"; };
		58B83CDB6D9288DDAAB2EA2C /* cameraButton.png */ = {isa = PBXFileReference; lastKnownFileType = image.png; path = cameraButton.png; sourceTree = "<group>"; };
		58B83CE879D7DFD826A5DCDF /* AppDelegate.m */ = {isa = PBXFileReference; fileEncoding = 4; lastKnownFileType = sourcecode.c.objc; path = AppDelegate.m; sourceTree = "<group>"; };
		58B83E2CD4B4D429667800F0 /* RIButtonItem.h */ = {isa = PBXFileReference; fileEncoding = 4; lastKnownFileType = sourcecode.c.h; path = RIButtonItem.h; sourceTree = "<group>"; };
		8077FEE0B936D6CD5149EC11 /* Pods-PickerDemo.release.xcconfig */ = {isa = PBXFileReference; includeInIndex = 1; lastKnownFileType = text.xcconfig; name = "Pods-PickerDemo.release.xcconfig"; path = "Pods/Target Support Files/Pods-PickerDemo/Pods-PickerDemo.release.xcconfig"; sourceTree = "<group>"; };
		E58DA581184339C100D60BBC /* CameraDemo.app */ = {isa = PBXFileReference; explicitFileType = wrapper.application; includeInIndex = 0; path = CameraDemo.app; sourceTree = BUILT_PRODUCTS_DIR; };
		E58DA584184339C100D60BBC /* Foundation.framework */ = {isa = PBXFileReference; lastKnownFileType = wrapper.framework; name = Foundation.framework; path = System/Library/Frameworks/Foundation.framework; sourceTree = SDKROOT; };
		E58DA586184339C100D60BBC /* CoreGraphics.framework */ = {isa = PBXFileReference; lastKnownFileType = wrapper.framework; name = CoreGraphics.framework; path = System/Library/Frameworks/CoreGraphics.framework; sourceTree = SDKROOT; };
		E58DA588184339C100D60BBC /* UIKit.framework */ = {isa = PBXFileReference; lastKnownFileType = wrapper.framework; name = UIKit.framework; path = System/Library/Frameworks/UIKit.framework; sourceTree = SDKROOT; };
		E58DA58C184339C100D60BBC /* CameraDemo-Info.plist */ = {isa = PBXFileReference; lastKnownFileType = text.plist.xml; path = "CameraDemo-Info.plist"; sourceTree = "<group>"; };
		E58DA590184339C100D60BBC /* main.m */ = {isa = PBXFileReference; fileEncoding = 4; lastKnownFileType = sourcecode.c.objc; path = main.m; sourceTree = "<group>"; };
		E58DA592184339C100D60BBC /* CameraDemo-Prefix.pch */ = {isa = PBXFileReference; lastKnownFileType = sourcecode.c.h; path = "CameraDemo-Prefix.pch"; sourceTree = "<group>"; };
		E58DA5A2184339C100D60BBC /* Images.xcassets */ = {isa = PBXFileReference; lastKnownFileType = folder.assetcatalog; path = Images.xcassets; sourceTree = "<group>"; };
		E58DA5A9184339C100D60BBC /* XCTest.framework */ = {isa = PBXFileReference; lastKnownFileType = wrapper.framework; name = XCTest.framework; path = Library/Frameworks/XCTest.framework; sourceTree = DEVELOPER_DIR; };
/* End PBXFileReference section */

/* Begin PBXFrameworksBuildPhase section */
		E58DA57E184339C100D60BBC /* Frameworks */ = {
			isa = PBXFrameworksBuildPhase;
			buildActionMask = 2147483647;
			files = (
				18EA43301F5CFE74005A0EDC /* AssetsLibrary.framework in Frameworks */,
				40037FD21C562C2B008A6366 /* Photos.framework in Frameworks */,
				E58DA587184339C100D60BBC /* CoreGraphics.framework in Frameworks */,
				E58DA589184339C100D60BBC /* UIKit.framework in Frameworks */,
				E58DA585184339C100D60BBC /* Foundation.framework in Frameworks */,
				560016CB1D2A4ADECD05ACDE /* libPods-PickerDemo.a in Frameworks */,
			);
			runOnlyForDeploymentPostprocessing = 0;
		};
/* End PBXFrameworksBuildPhase section */

/* Begin PBXGroup section */
		58B83043EF958808ED7E0D17 /* Extend */ = {
			isa = PBXGroup;
			children = (
				58B834E2E32CA21E036B4C97 /* RIButtonItem.m */,
				58B8373ACA6E4445256A9EEE /* UIAlertView+Blocks.m */,
				58B83072A6B43552EE075775 /* UIViewController+BackButtonHandler.m */,
				58B83E2CD4B4D429667800F0 /* RIButtonItem.h */,
				58B836A5BA5BFB203C0C2327 /* UIActionSheet+Blocks.h */,
				58B83894CF0583C31501B584 /* UIAlertView+Blocks.h */,
				58B83CD483CCAD709E51CBF5 /* UINavigationController+FDFullscreenPopGesture.m */,
				58B8329CC726639573BE7694 /* UIViewController+BackButtonHandler.h */,
				58B83BE2C3856EF6707E4C3E /* UIActionSheet+Blocks.m */,
				58B83440AC6D31FC6ED27141 /* UINavigationController+FDFullscreenPopGesture.h */,
			);
			path = Extend;
			sourceTree = "<group>";
		};
		58B83114E751250AE312AC40 /* zh.lproj */ = {
			isa = PBXGroup;
			children = (
				58B83618F22C64385173B9EA /* InfoPlist.strings */,
			);
			path = zh.lproj;
			sourceTree = "<group>";
		};
		58B8320765DF6003D5A2DBBF /* App */ = {
			isa = PBXGroup;
			children = (
				58B8312C1D0A4D06CE245801 /* CustomAssetsGroupView.xib */,
				58B83AD264662EFC7A4D12D8 /* NavigationController.m */,
				58B83932BE01FFBB2107B253 /* CustomAssetThumbnailView.xib */,
				58B8348B3154649B97356A0A /* SelectAlbumViewController.h */,
				58B83BB6478E73FBCA6CED0F /* VideoViewController.m */,
				58B83BFBEF4A1C59129D33A7 /* AlbumViewController.m */,
				58B83617B3BA8C936CC0D452 /* NavigationController.h */,
				58B83A0CCAD37A5C9AB9E230 /* AlbumViewController.h */,
				58B837B953846836188BCFF1 /* SelectAlbumViewController.m */,
				58B838C84332D5B6C657E046 /* VideoViewController.h */,
				58B835C4FA9FE86782A87790 /* Storyboard.storyboard */,
			);
			path = App;
			sourceTree = "<group>";
		};
		58B837B0CFC1004EEFBF81E7 /* en.lproj */ = {
			isa = PBXGroup;
			children = (
				58B8378C8D476349F1C104FE /* InfoPlist.strings */,
			);
			path = en.lproj;
			sourceTree = "<group>";
		};
		58B83DBEEB46E7E92FBAEF29 /* Classes */ = {
			isa = PBXGroup;
			children = (
				18D1DD9E1FDE723E00D786FE /* Settings.bundle */,
				58B83618406464FDDE6A5C60 /* AppDelegate.h */,
				58B83CE879D7DFD826A5DCDF /* AppDelegate.m */,
				58B8320765DF6003D5A2DBBF /* App */,
				58B83043EF958808ED7E0D17 /* Extend */,
			);
			path = Classes;
			sourceTree = "<group>";
		};
		B580BDCA07A5D0EAB3251D6F /* Pods */ = {
			isa = PBXGroup;
			children = (
				569D6C800BE5F3E8E279073B /* Pods-PickerDemo.debug.xcconfig */,
				8077FEE0B936D6CD5149EC11 /* Pods-PickerDemo.release.xcconfig */,
			);
			name = Pods;
			sourceTree = "<group>";
		};
		E57AC36E18618D8E00BDE659 /* Resources */ = {
			isa = PBXGroup;
			children = (
				1886635D1F3869EE002D38DC /* videoStart.png */,
				1886635E1F3869EE002D38DC /* videoStart@2x.png */,
				1886635F1F3869EE002D38DC /* videoStart@3x.png */,
				188663601F3869EE002D38DC /* videoStop.png */,
				188663611F3869EE002D38DC /* videoStop@2x.png */,
				188663621F3869EE002D38DC /* videoStop@3x.png */,
				18FD37201F1E167E001FE220 /* image_notloaded.png */,
				18FD37211F1E167E001FE220 /* image_notloaded@2x.png */,
				4039F31E1CE33FE90073F9E9 /* camera_flash.png */,
				4039F31F1CE33FE90073F9E9 /* camera_flash@2x.png */,
				4039F31A1CE33FB90073F9E9 /* camera_switch.png */,
				4039F31B1CE33FB90073F9E9 /* camera_switch@2x.png */,
				403CDE5A1C48E04D00806269 /* nocontent.png */,
				403CDE5B1C48E04D00806269 /* nocontent@2x.png */,
				58B83762E1EF9A20FBC0EB0C /* frame.png */,
				58B837B0CFC1004EEFBF81E7 /* en.lproj */,
				58B83114E751250AE312AC40 /* zh.lproj */,
				58B83CDB6D9288DDAAB2EA2C /* cameraButton.png */,
				58B83357716B93D552C455E0 /* cameraButton@2x.png */,
				58B831DEC39EE3F64C95E14F /* cameraButton@3x.png */,
			);
			path = Resources;
			sourceTree = "<group>";
		};
		E58DA578184339C100D60BBC = {
			isa = PBXGroup;
			children = (
				E58DA58A184339C100D60BBC /* CameraDemo */,
				E58DA583184339C100D60BBC /* Frameworks */,
				E58DA582184339C100D60BBC /* Products */,
				B580BDCA07A5D0EAB3251D6F /* Pods */,
			);
			sourceTree = "<group>";
		};
		E58DA582184339C100D60BBC /* Products */ = {
			isa = PBXGroup;
			children = (
				E58DA581184339C100D60BBC /* CameraDemo.app */,
			);
			name = Products;
			sourceTree = "<group>";
		};
		E58DA583184339C100D60BBC /* Frameworks */ = {
			isa = PBXGroup;
			children = (
				186E98341FD798A500688638 /* VideoToolbox.framework */,
				18EA432F1F5CFE74005A0EDC /* AssetsLibrary.framework */,
				40037FD11C562C2B008A6366 /* Photos.framework */,
				E58DA584184339C100D60BBC /* Foundation.framework */,
				E58DA586184339C100D60BBC /* CoreGraphics.framework */,
				E58DA588184339C100D60BBC /* UIKit.framework */,
				E58DA5A9184339C100D60BBC /* XCTest.framework */,
				033994116E7C15DDD5FE5DCD /* libPods-PickerDemo.a */,
			);
			name = Frameworks;
			sourceTree = "<group>";
		};
		E58DA58A184339C100D60BBC /* CameraDemo */ = {
			isa = PBXGroup;
			children = (
				58B83DBEEB46E7E92FBAEF29 /* Classes */,
				E57AC36E18618D8E00BDE659 /* Resources */,
				E58DA58B184339C100D60BBC /* Supporting Files */,
				E58DA5A2184339C100D60BBC /* Images.xcassets */,
			);
			path = CameraDemo;
			sourceTree = "<group>";
		};
		E58DA58B184339C100D60BBC /* Supporting Files */ = {
			isa = PBXGroup;
			children = (
				E58DA58C184339C100D60BBC /* CameraDemo-Info.plist */,
				E58DA590184339C100D60BBC /* main.m */,
				E58DA592184339C100D60BBC /* CameraDemo-Prefix.pch */,
			);
			name = "Supporting Files";
			sourceTree = "<group>";
		};
/* End PBXGroup section */

/* Begin PBXNativeTarget section */
		E58DA580184339C100D60BBC /* CameraDemo */ = {
			isa = PBXNativeTarget;
			buildConfigurationList = E58DA5B9184339C100D60BBC /* Build configuration list for PBXNativeTarget "CameraDemo" */;
			buildPhases = (
				B966AAE665DD13DCEDBA5FA9 /* [CP] Check Pods Manifest.lock */,
				E58DA57D184339C100D60BBC /* Sources */,
				E58DA57E184339C100D60BBC /* Frameworks */,
				E58DA57F184339C100D60BBC /* Resources */,
				1057F5E8C73F2EA16CCADC99 /* [CP] Embed Pods Frameworks */,
				5C37D841F8A8D41C09984203 /* [CP] Copy Pods Resources */,
			);
			buildRules = (
			);
			dependencies = (
			);
			name = CameraDemo;
			productName = PickerDemo;
			productReference = E58DA581184339C100D60BBC /* CameraDemo.app */;
			productType = "com.apple.product-type.application";
		};
/* End PBXNativeTarget section */

/* Begin PBXProject section */
		E58DA579184339C100D60BBC /* Project object */ = {
			isa = PBXProject;
			attributes = {
				LastSwiftUpdateCheck = 0720;
				LastUpgradeCheck = 0900;
				ORGANIZATIONNAME = "CyberAgent Inc.";
				TargetAttributes = {
					E58DA580184339C100D60BBC = {
						DevelopmentTeam = U6N4EJ8787;
						ProvisioningStyle = Automatic;
					};
				};
			};
			buildConfigurationList = E58DA57C184339C100D60BBC /* Build configuration list for PBXProject "CameraDemo" */;
			compatibilityVersion = "Xcode 3.2";
			developmentRegion = English;
			hasScannedForEncodings = 0;
			knownRegions = (
				en,
				Base,
				zh,
			);
			mainGroup = E58DA578184339C100D60BBC;
			productRefGroup = E58DA582184339C100D60BBC /* Products */;
			projectDirPath = "";
			projectRoot = "";
			targets = (
				E58DA580184339C100D60BBC /* CameraDemo */,
			);
		};
/* End PBXProject section */

/* Begin PBXResourcesBuildPhase section */
		E58DA57F184339C100D60BBC /* Resources */ = {
			isa = PBXResourcesBuildPhase;
			buildActionMask = 2147483647;
			files = (
				4039F3201CE33FE90073F9E9 /* camera_flash.png in Resources */,
				18D1DD9F1FDE723E00D786FE /* Settings.bundle in Resources */,
				188663651F3869EE002D38DC /* videoStart@3x.png in Resources */,
				4039F31C1CE33FB90073F9E9 /* camera_switch.png in Resources */,
				403CDE5C1C48E04D00806269 /* nocontent.png in Resources */,
				188663661F3869EE002D38DC /* videoStop.png in Resources */,
				403CDE5D1C48E04D00806269 /* nocontent@2x.png in Resources */,
				4039F31D1CE33FB90073F9E9 /* camera_switch@2x.png in Resources */,
				18FD37231F1E167E001FE220 /* image_notloaded@2x.png in Resources */,
				E58DA5A3184339C100D60BBC /* Images.xcassets in Resources */,
				18FD37221F1E167E001FE220 /* image_notloaded.png in Resources */,
				188663641F3869EE002D38DC /* videoStart@2x.png in Resources */,
				188663631F3869EE002D38DC /* videoStart.png in Resources */,
				188663681F3869EE002D38DC /* videoStop@3x.png in Resources */,
				188663671F3869EE002D38DC /* videoStop@2x.png in Resources */,
				4039F3211CE33FE90073F9E9 /* camera_flash@2x.png in Resources */,
				58B838C3BDAA8E7AE47D602A /* InfoPlist.strings in Resources */,
				58B8382E3A1CB1A5712FF6B8 /* InfoPlist.strings in Resources */,
				58B837B0A6B0710F423DEC4D /* frame.png in Resources */,
				58B83AA299038729E5C67037 /* CustomAssetsGroupView.xib in Resources */,
				58B83030600499711A0BC3CB /* CustomAssetThumbnailView.xib in Resources */,
				58B833D0EA60E385C0F9A670 /* Storyboard.storyboard in Resources */,
				58B83FF9CE0F52E9FF870151 /* cameraButton.png in Resources */,
				58B832D91479F6E922BE48BF /* cameraButton@2x.png in Resources */,
				58B83420D2AAD54BF95B87F6 /* cameraButton@3x.png in Resources */,
			);
			runOnlyForDeploymentPostprocessing = 0;
		};
/* End PBXResourcesBuildPhase section */

/* Begin PBXShellScriptBuildPhase section */
		1057F5E8C73F2EA16CCADC99 /* [CP] Embed Pods Frameworks */ = {
			isa = PBXShellScriptBuildPhase;
			buildActionMask = 2147483647;
			files = (
			);
			inputPaths = (
				"${SRCROOT}/Pods/Target Support Files/Pods-PickerDemo/Pods-PickerDemo-frameworks.sh",
				"${BUILT_PRODUCTS_DIR}/CocoaLumberjack/CocoaLumberjack.framework",
				"${BUILT_PRODUCTS_DIR}/DACircularProgress/DACircularProgress.framework",
				"${BUILT_PRODUCTS_DIR}/GPUImage/GPUImage.framework",
				"${BUILT_PRODUCTS_DIR}/Lockbox/Lockbox.framework",
				"${BUILT_PRODUCTS_DIR}/LumberjackConsole/LumberjackConsole.framework",
				"${BUILT_PRODUCTS_DIR}/MBProgressHUD/MBProgressHUD.framework",
				"${BUILT_PRODUCTS_DIR}/MWPhotoBrowser/MWPhotoBrowser.framework",
				"${BUILT_PRODUCTS_DIR}/MotionOrientation@PTEz/MotionOrientation_PTEz.framework",
				"${BUILT_PRODUCTS_DIR}/NBUCore/NBUCore.framework",
				"${BUILT_PRODUCTS_DIR}/NBUImagePicker/NBUImagePicker.framework",
				"${BUILT_PRODUCTS_DIR}/NBUKit/NBUKit.framework",
				"${BUILT_PRODUCTS_DIR}/NBULog/NBULog.framework",
				"${BUILT_PRODUCTS_DIR}/RBVolumeButtons@PTEz/RBVolumeButtons_PTEz.framework",
				"${BUILT_PRODUCTS_DIR}/RNCryptor/RNCryptor.framework",
				"${BUILT_PRODUCTS_DIR}/SDWebImage/SDWebImage.framework",
			);
			name = "[CP] Embed Pods Frameworks";
			outputPaths = (
				"${TARGET_BUILD_DIR}/${FRAMEWORKS_FOLDER_PATH}/CocoaLumberjack.framework",
				"${TARGET_BUILD_DIR}/${FRAMEWORKS_FOLDER_PATH}/DACircularProgress.framework",
				"${TARGET_BUILD_DIR}/${FRAMEWORKS_FOLDER_PATH}/GPUImage.framework",
				"${TARGET_BUILD_DIR}/${FRAMEWORKS_FOLDER_PATH}/Lockbox.framework",
				"${TARGET_BUILD_DIR}/${FRAMEWORKS_FOLDER_PATH}/LumberjackConsole.framework",
				"${TARGET_BUILD_DIR}/${FRAMEWORKS_FOLDER_PATH}/MBProgressHUD.framework",
				"${TARGET_BUILD_DIR}/${FRAMEWORKS_FOLDER_PATH}/MWPhotoBrowser.framework",
				"${TARGET_BUILD_DIR}/${FRAMEWORKS_FOLDER_PATH}/MotionOrientation_PTEz.framework",
				"${TARGET_BUILD_DIR}/${FRAMEWORKS_FOLDER_PATH}/NBUCore.framework",
				"${TARGET_BUILD_DIR}/${FRAMEWORKS_FOLDER_PATH}/NBUImagePicker.framework",
				"${TARGET_BUILD_DIR}/${FRAMEWORKS_FOLDER_PATH}/NBUKit.framework",
				"${TARGET_BUILD_DIR}/${FRAMEWORKS_FOLDER_PATH}/NBULog.framework",
				"${TARGET_BUILD_DIR}/${FRAMEWORKS_FOLDER_PATH}/RBVolumeButtons_PTEz.framework",
				"${TARGET_BUILD_DIR}/${FRAMEWORKS_FOLDER_PATH}/RNCryptor.framework",
				"${TARGET_BUILD_DIR}/${FRAMEWORKS_FOLDER_PATH}/SDWebImage.framework",
			);
			runOnlyForDeploymentPostprocessing = 0;
			shellPath = /bin/sh;
			shellScript = "\"${SRCROOT}/Pods/Target Support Files/Pods-PickerDemo/Pods-PickerDemo-frameworks.sh\"\n";
			showEnvVarsInLog = 0;
		};
		5C37D841F8A8D41C09984203 /* [CP] Copy Pods Resources */ = {
			isa = PBXShellScriptBuildPhase;
			buildActionMask = 2147483647;
			files = (
			);
			inputPaths = (
				"${SRCROOT}/Pods/Target Support Files/Pods-PickerDemo/Pods-PickerDemo-resources.sh",
				"${PODS_ROOT}/GPUImage/framework/Resources/lookup.png",
				"${PODS_ROOT}/GPUImage/framework/Resources/lookup_amatorka.png",
				"${PODS_ROOT}/GPUImage/framework/Resources/lookup_miss_etikate.png",
				"${PODS_ROOT}/GPUImage/framework/Resources/lookup_soft_elegance_1.png",
				"${PODS_ROOT}/GPUImage/framework/Resources/lookup_soft_elegance_2.png",
				"${PODS_ROOT}/LumberjackConsole/Source/LumberjackConsole.storyboard",
				"${PODS_CONFIGURATION_BUILD_DIR}/MWPhotoBrowser/MWPhotoBrowser.bundle",
				"${PODS_CONFIGURATION_BUILD_DIR}/NBUImagePicker/NBUImagePicker.bundle",
				"${PODS_CONFIGURATION_BUILD_DIR}/NBUKit/NBUKit.bundle",
				"${PODS_CONFIGURATION_BUILD_DIR}/TOCropViewController/TOCropViewControllerBundle.bundle",
			);
			name = "[CP] Copy Pods Resources";
			outputPaths = (
				"${TARGET_BUILD_DIR}/${UNLOCALIZED_RESOURCES_FOLDER_PATH}",
			);
			runOnlyForDeploymentPostprocessing = 0;
			shellPath = /bin/sh;
			shellScript = "\"${SRCROOT}/Pods/Target Support Files/Pods-PickerDemo/Pods-PickerDemo-resources.sh\"\n";
			showEnvVarsInLog = 0;
		};
		B966AAE665DD13DCEDBA5FA9 /* [CP] Check Pods Manifest.lock */ = {
			isa = PBXShellScriptBuildPhase;
			buildActionMask = 2147483647;
			files = (
			);
			inputPaths = (
				"${PODS_PODFILE_DIR_PATH}/Podfile.lock",
				"${PODS_ROOT}/Manifest.lock",
			);
			name = "[CP] Check Pods Manifest.lock";
			outputPaths = (
				"$(DERIVED_FILE_DIR)/Pods-PickerDemo-checkManifestLockResult.txt",
			);
			runOnlyForDeploymentPostprocessing = 0;
			shellPath = /bin/sh;
			shellScript = "diff \"${PODS_PODFILE_DIR_PATH}/Podfile.lock\" \"${PODS_ROOT}/Manifest.lock\" > /dev/null\nif [ $? != 0 ] ; then\n    # print error to STDERR\n    echo \"error: The sandbox is not in sync with the Podfile.lock. Run 'pod install' or update your CocoaPods installation.\" >&2\n    exit 1\nfi\n# This output is used by Xcode 'outputs' to avoid re-running this script phase.\necho \"SUCCESS\" > \"${SCRIPT_OUTPUT_FILE_0}\"\n";
			showEnvVarsInLog = 0;
		};
/* End PBXShellScriptBuildPhase section */

/* Begin PBXSourcesBuildPhase section */
		E58DA57D184339C100D60BBC /* Sources */ = {
			isa = PBXSourcesBuildPhase;
			buildActionMask = 2147483647;
			files = (
				E58DA591184339C100D60BBC /* main.m in Sources */,
				58B835EB00FB57F1EC026043 /* AppDelegate.m in Sources */,
				58B83E287ED9FA70D2B8C545 /* NavigationController.m in Sources */,
				58B830DC229C9B834A55FF08 /* VideoViewController.m in Sources */,
				58B8356DA4DB6683F86D07BF /* AlbumViewController.m in Sources */,
				58B83EE1C086F7C7AB9D0153 /* SelectAlbumViewController.m in Sources */,
				58B834552223B372B8B571AE /* RIButtonItem.m in Sources */,
				58B833697E748FF143698A78 /* UIAlertView+Blocks.m in Sources */,
				58B83EB2F07B7D3D9AAFDC7E /* UIViewController+BackButtonHandler.m in Sources */,
				58B8306B1C44B4C139727002 /* UINavigationController+FDFullscreenPopGesture.m in Sources */,
				58B83603C4401D68F289A27E /* UIActionSheet+Blocks.m in Sources */,
			);
			runOnlyForDeploymentPostprocessing = 0;
		};
/* End PBXSourcesBuildPhase section */

/* Begin PBXVariantGroup section */
		58B83618F22C64385173B9EA /* InfoPlist.strings */ = {
			isa = PBXVariantGroup;
			children = (
				58B83B8F92EAC43299892DC6 /* zh */,
			);
			name = InfoPlist.strings;
			sourceTree = "<group>";
		};
		58B8378C8D476349F1C104FE /* InfoPlist.strings */ = {
			isa = PBXVariantGroup;
			children = (
				58B83B584B19CD6C12B722A4 /* en */,
			);
			name = InfoPlist.strings;
			sourceTree = "<group>";
		};
/* End PBXVariantGroup section */

/* Begin XCBuildConfiguration section */
		E58DA5B7184339C100D60BBC /* Debug */ = {
			isa = XCBuildConfiguration;
			buildSettings = {
				ALWAYS_SEARCH_USER_PATHS = NO;
				CLANG_ANALYZER_LOCALIZABILITY_NONLOCALIZED = YES;
				CLANG_CXX_LANGUAGE_STANDARD = "gnu++0x";
				CLANG_CXX_LIBRARY = "libc++";
				CLANG_ENABLE_MODULES = YES;
				CLANG_ENABLE_OBJC_ARC = YES;
				CLANG_WARN_BLOCK_CAPTURE_AUTORELEASING = YES;
				CLANG_WARN_BOOL_CONVERSION = YES;
				CLANG_WARN_COMMA = YES;
				CLANG_WARN_CONSTANT_CONVERSION = YES;
				CLANG_WARN_DIRECT_OBJC_ISA_USAGE = YES_ERROR;
				CLANG_WARN_EMPTY_BODY = YES;
				CLANG_WARN_ENUM_CONVERSION = YES;
				CLANG_WARN_INFINITE_RECURSION = YES;
				CLANG_WARN_INT_CONVERSION = YES;
				CLANG_WARN_NON_LITERAL_NULL_CONVERSION = YES;
				CLANG_WARN_OBJC_LITERAL_CONVERSION = YES;
				CLANG_WARN_OBJC_ROOT_CLASS = YES_ERROR;
				CLANG_WARN_RANGE_LOOP_ANALYSIS = YES;
				CLANG_WARN_STRICT_PROTOTYPES = YES;
				CLANG_WARN_SUSPICIOUS_MOVE = YES;
				CLANG_WARN_UNREACHABLE_CODE = YES;
				CLANG_WARN__DUPLICATE_METHOD_MATCH = YES;
				CODE_SIGN_IDENTITY = "iPhone Developer";
				"CODE_SIGN_IDENTITY[sdk=iphoneos*]" = "iPhone Developer";
				COPY_PHASE_STRIP = NO;
				ENABLE_STRICT_OBJC_MSGSEND = YES;
				ENABLE_TESTABILITY = YES;
				GCC_C_LANGUAGE_STANDARD = gnu99;
				GCC_DYNAMIC_NO_PIC = NO;
				GCC_NO_COMMON_BLOCKS = YES;
				GCC_OPTIMIZATION_LEVEL = 0;
				GCC_PREPROCESSOR_DEFINITIONS = "";
				GCC_SYMBOLS_PRIVATE_EXTERN = NO;
				GCC_WARN_64_TO_32_BIT_CONVERSION = YES;
				GCC_WARN_ABOUT_RETURN_TYPE = YES_ERROR;
				GCC_WARN_UNDECLARED_SELECTOR = YES;
				GCC_WARN_UNINITIALIZED_AUTOS = YES;
				GCC_WARN_UNUSED_FUNCTION = YES;
				GCC_WARN_UNUSED_VARIABLE = YES;
				IPHONEOS_DEPLOYMENT_TARGET = 8.0;
				ONLY_ACTIVE_ARCH = YES;
				SDKROOT = iphoneos;
				TARGETED_DEVICE_FAMILY = "1,2";
				VALID_ARCHS = "arm64 armv7 armv7s";
			};
			name = Debug;
		};
		E58DA5B8184339C100D60BBC /* Release */ = {
			isa = XCBuildConfiguration;
			buildSettings = {
				ALWAYS_SEARCH_USER_PATHS = NO;
				CLANG_ANALYZER_LOCALIZABILITY_NONLOCALIZED = YES;
				CLANG_CXX_LANGUAGE_STANDARD = "gnu++0x";
				CLANG_CXX_LIBRARY = "libc++";
				CLANG_ENABLE_MODULES = YES;
				CLANG_ENABLE_OBJC_ARC = YES;
				CLANG_WARN_BLOCK_CAPTURE_AUTORELEASING = YES;
				CLANG_WARN_BOOL_CONVERSION = YES;
				CLANG_WARN_COMMA = YES;
				CLANG_WARN_CONSTANT_CONVERSION = YES;
				CLANG_WARN_DIRECT_OBJC_ISA_USAGE = YES_ERROR;
				CLANG_WARN_EMPTY_BODY = YES;
				CLANG_WARN_ENUM_CONVERSION = YES;
				CLANG_WARN_INFINITE_RECURSION = YES;
				CLANG_WARN_INT_CONVERSION = YES;
				CLANG_WARN_NON_LITERAL_NULL_CONVERSION = YES;
				CLANG_WARN_OBJC_LITERAL_CONVERSION = YES;
				CLANG_WARN_OBJC_ROOT_CLASS = YES_ERROR;
				CLANG_WARN_RANGE_LOOP_ANALYSIS = YES;
				CLANG_WARN_STRICT_PROTOTYPES = YES;
				CLANG_WARN_SUSPICIOUS_MOVE = YES;
				CLANG_WARN_UNREACHABLE_CODE = YES;
				CLANG_WARN__DUPLICATE_METHOD_MATCH = YES;
				CODE_SIGN_IDENTITY = "iPhone Developer";
				"CODE_SIGN_IDENTITY[sdk=iphoneos*]" = "iPhone Developer";
				COPY_PHASE_STRIP = YES;
				ENABLE_NS_ASSERTIONS = NO;
				ENABLE_STRICT_OBJC_MSGSEND = YES;
				GCC_C_LANGUAGE_STANDARD = gnu99;
				GCC_NO_COMMON_BLOCKS = YES;
				GCC_WARN_64_TO_32_BIT_CONVERSION = YES;
				GCC_WARN_ABOUT_RETURN_TYPE = YES_ERROR;
				GCC_WARN_UNDECLARED_SELECTOR = YES;
				GCC_WARN_UNINITIALIZED_AUTOS = YES;
				GCC_WARN_UNUSED_FUNCTION = YES;
				GCC_WARN_UNUSED_VARIABLE = YES;
				IPHONEOS_DEPLOYMENT_TARGET = 8.0;
				ONLY_ACTIVE_ARCH = YES;
				SDKROOT = iphoneos;
				TARGETED_DEVICE_FAMILY = "1,2";
				VALIDATE_PRODUCT = YES;
				VALID_ARCHS = "arm64 armv7 armv7s";
			};
			name = Release;
		};
		E58DA5BA184339C100D60BBC /* Debug */ = {
			isa = XCBuildConfiguration;
			baseConfigurationReference = 569D6C800BE5F3E8E279073B /* Pods-PickerDemo.debug.xcconfig */;
			buildSettings = {
				ASSETCATALOG_COMPILER_APPICON_NAME = AppIcon;
				ASSETCATALOG_COMPILER_LAUNCHIMAGE_NAME = LaunchImage;
				CLANG_ENABLE_MODULES = YES;
				CODE_SIGN_IDENTITY = "iPhone Developer";
				"CODE_SIGN_IDENTITY[sdk=iphoneos*]" = "iPhone Developer";
				CODE_SIGN_STYLE = Automatic;
				DEVELOPMENT_TEAM = U6N4EJ8787;
				GCC_PRECOMPILE_PREFIX_HEADER = YES;
				GCC_PREFIX_HEADER = "CameraDemo/CameraDemo-Prefix.pch";
				GCC_PREPROCESSOR_DEFINITIONS = (
					"$(inherited)",
					"DEBUG=1",
				);
				INFOPLIST_FILE = "CameraDemo/CameraDemo-Info.plist";
				IPHONEOS_DEPLOYMENT_TARGET = 8.0;
				LD_RUNPATH_SEARCH_PATHS = "$(inherited) @executable_path/Frameworks";
				ONLY_ACTIVE_ARCH = YES;
				PRODUCT_BUNDLE_IDENTIFIER = com.toutoumu.camera.heic.jpeg.convert;
				PRODUCT_NAME = "$(TARGET_NAME)";
				PROVISIONING_PROFILE = "";
				PROVISIONING_PROFILE_SPECIFIER = "";
				SWIFT_OBJC_BRIDGING_HEADER = "PickerDemo/PickerDemo-Bridging-Header.h";
				SWIFT_OPTIMIZATION_LEVEL = "-Onone";
				TARGETED_DEVICE_FAMILY = 1;
				WRAPPER_EXTENSION = app;
			};
			name = Debug;
		};
		E58DA5BB184339C100D60BBC /* Release */ = {
			isa = XCBuildConfiguration;
			baseConfigurationReference = 8077FEE0B936D6CD5149EC11 /* Pods-PickerDemo.release.xcconfig */;
			buildSettings = {
				ASSETCATALOG_COMPILER_APPICON_NAME = AppIcon;
				ASSETCATALOG_COMPILER_LAUNCHIMAGE_NAME = LaunchImage;
				CLANG_ENABLE_MODULES = YES;
				CLANG_USE_OPTIMIZATION_PROFILE = YES;
				CODE_SIGN_IDENTITY = "iPhone Developer";
				"CODE_SIGN_IDENTITY[sdk=iphoneos*]" = "iPhone Developer";
				CODE_SIGN_STYLE = Automatic;
				DEVELOPMENT_TEAM = U6N4EJ8787;
				GCC_PRECOMPILE_PREFIX_HEADER = YES;
				GCC_PREFIX_HEADER = "CameraDemo/CameraDemo-Prefix.pch";
				GCC_PREPROCESSOR_DEFINITIONS = (
					"$(inherited)",
					"TESTING=1",
				);
				INFOPLIST_FILE = "CameraDemo/CameraDemo-Info.plist";
				IPHONEOS_DEPLOYMENT_TARGET = 8.0;
				LD_RUNPATH_SEARCH_PATHS = "$(inherited) @executable_path/Frameworks";
				ONLY_ACTIVE_ARCH = NO;
				PRODUCT_BUNDLE_IDENTIFIER = com.toutoumu.camera.heic.jpeg.convert;
				PRODUCT_NAME = "$(TARGET_NAME)";
				PROVISIONING_PROFILE = "";
				PROVISIONING_PROFILE_SPECIFIER = "";
				SWIFT_OBJC_BRIDGING_HEADER = "PickerDemo/PickerDemo-Bridging-Header.h";
				TARGETED_DEVICE_FAMILY = 1;
				WRAPPER_EXTENSION = app;
			};
			name = Release;
		};
/* End XCBuildConfiguration section */

/* Begin XCConfigurationList section */
		E58DA57C184339C100D60BBC /* Build configuration list for PBXProject "CameraDemo" */ = {
			isa = XCConfigurationList;
			buildConfigurations = (
				E58DA5B7184339C100D60BBC /* Debug */,
				E58DA5B8184339C100D60BBC /* Release */,
			);
			defaultConfigurationIsVisible = 0;
			defaultConfigurationName = Release;
		};
		E58DA5B9184339C100D60BBC /* Build configuration list for PBXNativeTarget "CameraDemo" */ = {
			isa = XCConfigurationList;
			buildConfigurations = (
				E58DA5BA184339C100D60BBC /* Debug */,
				E58DA5BB184339C100D60BBC /* Release */,
			);
			defaultConfigurationIsVisible = 0;
			defaultConfigurationName = Release;
		};
/* End XCConfigurationList section */
	};
	rootObject = E58DA579184339C100D60BBC /* Project object */;
}
